
Microsoft Visual Studio Solution File, Format Version 12.00
# Visual Studio Version 16
VisualStudioVersion = 16.0.30011.22
MinimumVisualStudioVersion = 10.0.40219.1
Project("{FAE04EC0-301F-11D3-BF4B-00C04F79EFBC}") = "Husky", "Husky\Husky.csproj", "{5947FF96-35B1-4751-BD69-3AD199AD8D52}"
	ProjectSection(ProjectDependencies) = postProject
		{8F5C1BA4-88C1-4177-B91B-DD093DC849B9} = {8F5C1BA4-88C1-4177-B91B-DD093DC849B9}
	EndProjectSection
EndProject
Project("{FAE04EC0-301F-11D3-BF4B-00C04F79EFBC}") = "PhilLibX", "PhilLibX\PhilLibX.csproj", "{8F5C1BA4-88C1-4177-B91B-DD093DC849B9}"
EndProject
Project("{FAE04EC0-301F-11D3-BF4B-00C04F79EFBC}") = "HuskyUI", "HuskyUI\HuskyUI.csproj", "{9915BDBF-25EA-4959-AAF8-A7855376AD83}"
	ProjectSection(ProjectDependencies) = postProject
		{5947FF96-35B1-4751-BD69-3AD199AD8D52} = {5947FF96-35B1-4751-BD69-3AD199AD8D52}
	EndProjectSection
EndProject
Global
	GlobalSection(SolutionConfigurationPlatforms) = preSolution
		Debug|Any CPU = Debug|Any CPU
		Release|Any CPU = Release|Any CPU
	EndGlobalSection
	GlobalSection(ProjectConfigurationPlatforms) = postSolution
		{5947FF96-35B1-4751-BD69-3AD199AD8D52}.Debug|Any CPU.ActiveCfg = Debug|Any CPU
		{5947FF96-35B1-4751-BD69-3AD199AD8D52}.Debug|Any CPU.Build.0 = Debug|Any CPU
		{5947FF96-35B1-4751-BD69-3AD199AD8D52}.Release|Any CPU.ActiveCfg = Release|Any CPU
		{5947FF96-35B1-4751-BD69-3AD199AD8D52}.Release|Any CPU.Build.0 = Release|Any CPU
		{8F5C1BA4-88C1-4177-B91B-DD093DC849B9}.Debug|Any CPU.ActiveCfg = Debug|Any CPU
		{8F5C1BA4-88C1-4177-B91B-DD093DC849B9}.Debug|Any CPU.Build.0 = Debug|Any CPU
		{8F5C1BA4-88C1-4177-B91B-DD093DC849B9}.Release|Any CPU.ActiveCfg = Release|Any CPU
		{8F5C1BA4-88C1-4177-B91B-DD093DC849B9}.Release|Any CPU.Build.0 = Release|Any CPU
		{9915BDBF-25EA-4959-AAF8-A7855376AD83}.Debug|Any CPU.ActiveCfg = Debug|Any CPU
		{9915BDBF-25EA-4959-AAF8-A7855376AD83}.Debug|Any CPU.Build.0 = Debug|Any CPU
		{9915BDBF-25EA-4959-AAF8-A7855376AD83}.Release|Any CPU.ActiveCfg = Release|Any CPU
		{9915BDBF-25EA-4959-AAF8-A7855376AD83}.Release|Any CPU.Build.0 = Release|Any CPU
	EndGlobalSection
	GlobalSection(SolutionProperties) = preSolution
		HideSolutionNode = FALSE
	EndGlobalSection
	GlobalSection(ExtensibilityGlobals) = postSolution
		SolutionGuid = {99977ED7-4554-4222-A8AC-279017F25362}
	EndGlobalSection
EndGlobal
